// !$*UTF8*$!
{
	archiveVersion = 1;
	classes = {
	};
	objectVersion = 50;
	objects = {

/* Begin PBXBuildFile section */
		E7D8C9E72175866200844020 /* AppDelegate.swift in Sources */ = {isa = PBXBuildFile; fileRef = E7D8C9E62175866200844020 /* AppDelegate.swift */; };
		E7D8C9EC2175866200844020 /* Main.storyboard in Resources */ = {isa = PBXBuildFile; fileRef = E7D8C9EA2175866200844020 /* Main.storyboard */; };
		E7D8C9EE2175866500844020 /* Assets.xcassets in Resources */ = {isa = PBXBuildFile; fileRef = E7D8C9ED2175866500844020 /* Assets.xcassets */; };
		E7D8C9F12175866500844020 /* LaunchScreen.storyboard in Resources */ = {isa = PBXBuildFile; fileRef = E7D8C9EF2175866500844020 /* LaunchScreen.storyboard */; };
		E7D8C9F9217586F100844020 /* menuViewController.swift in Sources */ = {isa = PBXBuildFile; fileRef = E7D8C9F8217586F100844020 /* menuViewController.swift */; };
		E7D8CA032175AA1700844020 /* meViewController.swift in Sources */ = {isa = PBXBuildFile; fileRef = E7D8CA022175AA1700844020 /* meViewController.swift */; };
		E7D8CA052175AA9900844020 /* loginViewController.swift in Sources */ = {isa = PBXBuildFile; fileRef = E7D8CA042175AA9900844020 /* loginViewController.swift */; };
		E7D8CA072175AAC000844020 /* registerViewController.swift in Sources */ = {isa = PBXBuildFile; fileRef = E7D8CA062175AAC000844020 /* registerViewController.swift */; };
/* End PBXBuildFile section */

/* Begin PBXFileReference section */
		E7D8C9E32175866200844020 /* 大创.2.app */ = {isa = PBXFileReference; explicitFileType = wrapper.application; includeInIndex = 0; path = "大创.2.app"; sourceTree = BUILT_PRODUCTS_DIR; };
		E7D8C9E62175866200844020 /* AppDelegate.swift */ = {isa = PBXFileReference; lastKnownFileType = sourcecode.swift; path = AppDelegate.swift; sourceTree = "<group>"; };
		E7D8C9EB2175866200844020 /* Base */ = {isa = PBXFileReference; lastKnownFileType = file.storyboard; name = Base; path = Base.lproj/Main.storyboard; sourceTree = "<group>"; };
		E7D8C9ED2175866500844020 /* Assets.xcassets */ = {isa = PBXFileReference; lastKnownFileType = folder.assetcatalog; path = Assets.xcassets; sourceTree = "<group>"; };
		E7D8C9F02175866500844020 /* Base */ = {isa = PBXFileReference; lastKnownFileType = file.storyboard; name = Base; path = Base.lproj/LaunchScreen.storyboard; sourceTree = "<group>"; };
		E7D8C9F22175866500844020 /* Info.plist */ = {isa = PBXFileReference; lastKnownFileType = text.plist.xml; path = Info.plist; sourceTree = "<group>"; };
		E7D8C9F8217586F100844020 /* menuViewController.swift */ = {isa = PBXFileReference; lastKnownFileType = sourcecode.swift; path = menuViewController.swift; sourceTree = "<group>"; };
		E7D8CA022175AA1700844020 /* meViewController.swift */ = {isa = PBXFileReference; lastKnownFileType = sourcecode.swift; path = meViewController.swift; sourceTree = "<group>"; };
		E7D8CA042175AA9900844020 /* loginViewController.swift */ = {isa = PBXFileReference; lastKnownFileType = sourcecode.swift; path = loginViewController.swift; sourceTree = "<group>"; };
		E7D8CA062175AAC000844020 /* registerViewController.swift */ = {isa = PBXFileReference; lastKnownFileType = sourcecode.swift; path = registerViewController.swift; sourceTree = "<group>"; };
/* End PBXFileReference section */

/* Begin PBXFrameworksBuildPhase section */
		E7D8C9E02175866200844020 /* Frameworks */ = {
			isa = PBXFrameworksBuildPhase;
			buildActionMask = 2147483647;
			files = (
			);
			runOnlyForDeploymentPostprocessing = 0;
		};
/* End PBXFrameworksBuildPhase section */

/* Begin PBXGroup section */
		E7D8C9DA2175866200844020 = {
			isa = PBXGroup;
			children = (
				E7D8C9FD2175871B00844020 /* 脑洞大开 */,
				E7D8C9FC2175871200844020 /* 志愿服务区 */,
				E7D8C9FB2175870800844020 /* 我的 */,
				E7D8C9FA217586F700844020 /* 主菜单 */,
				E7D8C9E52175866200844020 /* 大创.2 */,
				E7D8C9E42175866200844020 /* Products */,
			);
			sourceTree = "<group>";
		};
		E7D8C9E42175866200844020 /* Products */ = {
			isa = PBXGroup;
			children = (
				E7D8C9E32175866200844020 /* 大创.2.app */,
			);
			name = Products;
			sourceTree = "<group>";
		};
		E7D8C9E52175866200844020 /* 大创.2 */ = {
			isa = PBXGroup;
			children = (
				E7D8C9E62175866200844020 /* AppDelegate.swift */,
				E7D8C9EA2175866200844020 /* Main.storyboard */,
				E7D8C9ED2175866500844020 /* Assets.xcassets */,
				E7D8C9EF2175866500844020 /* LaunchScreen.storyboard */,
				E7D8C9F22175866500844020 /* Info.plist */,
			);
			path = "大创.2";
			sourceTree = "<group>";
		};
		E7D8C9FA217586F700844020 /* 主菜单 */ = {
			isa = PBXGroup;
			children = (
				E7D8C9F8217586F100844020 /* menuViewController.swift */,
			);
			path = "主菜单";
			sourceTree = "<group>";
		};
		E7D8C9FB2175870800844020 /* 我的 */ = {
			isa = PBXGroup;
			children = (
				E7D8CA022175AA1700844020 /* meViewController.swift */,
				E7D8CA042175AA9900844020 /* loginViewController.swift */,
				E7D8CA062175AAC000844020 /* registerViewController.swift */,
			);
			path = "我的";
			sourceTree = "<group>";
		};
		E7D8C9FC2175871200844020 /* 志愿服务区 */ = {
			isa = PBXGroup;
			children = (
			);
			path = "志愿服务区";
			sourceTree = "<group>";
		};
		E7D8C9FD2175871B00844020 /* 脑洞大开 */ = {
			isa = PBXGroup;
			children = (
			);
			path = "脑洞大开";
			sourceTree = "<group>";
		};
/* End PBXGroup section */

/* Begin PBXNativeTarget section */
		E7D8C9E22175866200844020 /* 大创.2 */ = {
			isa = PBXNativeTarget;
			buildConfigurationList = E7D8C9F52175866500844020 /* Build configuration list for PBXNativeTarget "大创.2" */;
			buildPhases = (
				E7D8C9DF2175866200844020 /* Sources */,
				E7D8C9E02175866200844020 /* Frameworks */,
				E7D8C9E12175866200844020 /* Resources */,
			);
			buildRules = (
			);
			dependencies = (
			);
			name = "大创.2";
			productName = "大创.2";
			productReference = E7D8C9E32175866200844020 /* 大创.2.app */;
			productType = "com.apple.product-type.application";
		};
/* End PBXNativeTarget section */

/* Begin PBXProject section */
		E7D8C9DB2175866200844020 /* Project object */ = {
			isa = PBXProject;
			attributes = {
				LastSwiftUpdateCheck = 0940;
				LastUpgradeCheck = 0940;
				ORGANIZATIONNAME = zongpingzhang;
				TargetAttributes = {
					E7D8C9E22175866200844020 = {
						CreatedOnToolsVersion = 9.4.1;
					};
				};
			};
			buildConfigurationList = E7D8C9DE2175866200844020 /* Build configuration list for PBXProject "大创.2" */;
			compatibilityVersion = "Xcode 9.3";
			developmentRegion = en;
			hasScannedForEncodings = 0;
			knownRegions = (
				en,
				Base,
			);
			mainGroup = E7D8C9DA2175866200844020;
			productRefGroup = E7D8C9E42175866200844020 /* Products */;
			projectDirPath = "";
			projectRoot = "";
			targets = (
				E7D8C9E22175866200844020 /* 大创.2 */,
			);
		};
/* End PBXProject section */

/* Begin PBXResourcesBuildPhase section */
		E7D8C9E12175866200844020 /* Resources */ = {
			isa = PBXResourcesBuildPhase;
			buildActionMask = 2147483647;
			files = (
				E7D8C9F12175866500844020 /* LaunchScreen.storyboard in Resources */,
				E7D8C9EE2175866500844020 /* Assets.xcassets in Resources */,
				E7D8C9EC2175866200844020 /* Main.storyboard in Resources */,
			);
			runOnlyForDeploymentPostprocessing = 0;
		};
/* End PBXResourcesBuildPhase section */

/* Begin PBXSourcesBuildPhase section */
		E7D8C9DF2175866200844020 /* Sources */ = {
			isa = PBXSourcesBuildPhase;
			buildActionMask = 2147483647;
			files = (
				E7D8CA052175AA9900844020 /* loginViewController.swift in Sources */,
				E7D8C9E72175866200844020 /* AppDelegate.swift in Sources */,
				E7D8CA032175AA1700844020 /* meViewController.swift in Sources */,
				E7D8CA072175AAC000844020 /* registerViewController.swift in Sources */,
				E7D8C9F9217586F100844020 /* menuViewController.swift in Sources */,
			);
			runOnlyForDeploymentPostprocessing = 0;
		};
/* End PBXSourcesBuildPhase section */

/* Begin PBXVariantGroup section */
		E7D8C9EA2175866200844020 /* Main.storyboard */ = {
			isa = PBXVariantGroup;
			children = (
				E7D8C9EB2175866200844020 /* Base */,
			);
			name = Main.storyboard;
			sourceTree = "<group>";
		};
		E7D8C9EF2175866500844020 /* LaunchScreen.storyboard */ = {
			isa = PBXVariantGroup;
			children = (
				E7D8C9F02175866500844020 /* Base */,
			);
			name = LaunchScreen.storyboard;
			sourceTree = "<group>";
		};
/* End PBXVariantGroup section */

/* Begin XCBuildConfiguration section */
		E7D8C9F32175866500844020 /* Debug */ = {
			isa = XCBuildConfiguration;
			buildSettings = {
				ALWAYS_SEARCH_USER_PATHS = NO;
				CLANG_ANALYZER_NONNULL = YES;
				CLANG_ANALYZER_NUMBER_OBJECT_CONVERSION = YES_AGGRESSIVE;
				CLANG_CXX_LANGUAGE_STANDARD = "gnu++14";
				CLANG_CXX_LIBRARY = "libc++";
				CLANG_ENABLE_MODULES = YES;
				CLANG_ENABLE_OBJC_ARC = YES;
				CLANG_ENABLE_OBJC_WEAK = YES;
				CLANG_WARN_BLOCK_CAPTURE_AUTORELEASING = YES;
				CLANG_WARN_BOOL_CONVERSION = YES;
				CLANG_WARN_COMMA = YES;
				CLANG_WARN_CONSTANT_CONVERSION = YES;
				CLANG_WARN_DEPRECATED_OBJC_IMPLEMENTATIONS = YES;
				CLANG_WARN_DIRECT_OBJC_ISA_USAGE = YES_ERROR;
				CLANG_WARN_DOCUMENTATION_COMMENTS = YES;
				CLANG_WARN_EMPTY_BODY = YES;
				CLANG_WARN_ENUM_CONVERSION = YES;
				CLANG_WARN_INFINITE_RECURSION = YES;
				CLANG_WARN_INT_CONVERSION = YES;
				CLANG_WARN_NON_LITERAL_NULL_CONVERSION = YES;
				CLANG_WARN_OBJC_IMPLICIT_RETAIN_SELF = YES;
				CLANG_WARN_OBJC_LITERAL_CONVERSION = YES;
				CLANG_WARN_OBJC_ROOT_CLASS = YES_ERROR;
				CLANG_WARN_RANGE_LOOP_ANALYSIS = YES;
				CLANG_WARN_STRICT_PROTOTYPES = YES;
				CLANG_WARN_SUSPICIOUS_MOVE = YES;
				CLANG_WARN_UNGUARDED_AVAILABILITY = YES_AGGRESSIVE;
				CLANG_WARN_UNREACHABLE_CODE = YES;
				CLANG_WARN__DUPLICATE_METHOD_MATCH = YES;
				CODE_SIGN_IDENTITY = "iPhone Developer";
				COPY_PHASE_STRIP = NO;
				DEBUG_INFORMATION_FORMAT = dwarf;
				ENABLE_STRICT_OBJC_MSGSEND = YES;
				ENABLE_TESTABILITY = YES;
				GCC_C_LANGUAGE_STANDARD = gnu11;
				GCC_DYNAMIC_NO_PIC = NO;
				GCC_NO_COMMON_BLOCKS = YES;
				GCC_OPTIMIZATION_LEVEL = 0;
				GCC_PREPROCESSOR_DEFINITIONS = (
					"DEBUG=1",
					"$(inherited)",
				);
				GCC_WARN_64_TO_32_BIT_CONVERSION = YES;
				GCC_WARN_ABOUT_RETURN_TYPE = YES_ERROR;
				GCC_WARN_UNDECLARED_SELECTOR = YES;
				GCC_WARN_UNINITIALIZED_AUTOS = YES_AGGRESSIVE;
				GCC_WARN_UNUSED_FUNCTION = YES;
				GCC_WARN_UNUSED_VARIABLE = YES;
				IPHONEOS_DEPLOYMENT_TARGET = 11.4;
				MTL_ENABLE_DEBUG_INFO = YES;
				ONLY_ACTIVE_ARCH = YES;
				SDKROOT = iphoneos;
				SWIFT_ACTIVE_COMPILATION_CONDITIONS = DEBUG;
				SWIFT_OPTIMIZATION_LEVEL = "-Onone";
			};
			name = Debug;
		};
		E7D8C9F42175866500844020 /* Release */ = {
			isa = XCBuildConfiguration;
			buildSettings = {
				ALWAYS_SEARCH_USER_PATHS = NO;
				CLANG_ANALYZER_NONNULL = YES;
				CLANG_ANALYZER_NUMBER_OBJECT_CONVERSION = YES_AGGRESSIVE;
				CLANG_CXX_LANGUAGE_STANDARD = "gnu++14";
				CLANG_CXX_LIBRARY = "libc++";
				CLANG_ENABLE_MODULES = YES;
				CLANG_ENABLE_OBJC_ARC = YES;
				CLANG_ENABLE_OBJC_WEAK = YES;
				CLANG_WARN_BLOCK_CAPTURE_AUTORELEASING = YES;
				CLANG_WARN_BOOL_CONVERSION = YES;
				CLANG_WARN_COMMA = YES;
				CLANG_WARN_CONSTANT_CONVERSION = YES;
				CLANG_WARN_DEPRECATED_OBJC_IMPLEMENTATIONS = YES;
				CLANG_WARN_DIRECT_OBJC_ISA_USAGE = YES_ERROR;
				CLANG_WARN_DOCUMENTATION_COMMENTS = YES;
				CLANG_WARN_EMPTY_BODY = YES;
				CLANG_WARN_ENUM_CONVERSION = YES;
				CLANG_WARN_INFINITE_RECURSION = YES;
				CLANG_WARN_INT_CONVERSION = YES;
				CLANG_WARN_NON_LITERAL_NULL_CONVERSION = YES;
				CLANG_WARN_OBJC_IMPLICIT_RETAIN_SELF = YES;
				CLANG_WARN_OBJC_LITERAL_CONVERSION = YES;
				CLANG_WARN_OBJC_ROOT_CLASS = YES_ERROR;
				CLANG_WARN_RANGE_LOOP_ANALYSIS = YES;
				CLANG_WARN_STRICT_PROTOTYPES = YES;
				CLANG_WARN_SUSPICIOUS_MOVE = YES;
				CLANG_WARN_UNGUARDED_AVAILABILITY = YES_AGGRESSIVE;
				CLANG_WARN_UNREACHABLE_CODE = YES;
				CLANG_WARN__DUPLICATE_METHOD_MATCH = YES;
				CODE_SIGN_IDENTITY = "iPhone Developer";
				COPY_PHASE_STRIP = NO;
				DEBUG_INFORMATION_FORMAT = "dwarf-with-dsym";
				ENABLE_NS_ASSERTIONS = NO;
				ENABLE_STRICT_OBJC_MSGSEND = YES;
				GCC_C_LANGUAGE_STANDARD = gnu11;
				GCC_NO_COMMON_BLOCKS = YES;
				GCC_WARN_64_TO_32_BIT_CONVERSION = YES;
				GCC_WARN_ABOUT_RETURN_TYPE = YES_ERROR;
				GCC_WARN_UNDECLARED_SELECTOR = YES;
				GCC_WARN_UNINITIALIZED_AUTOS = YES_AGGRESSIVE;
				GCC_WARN_UNUSED_FUNCTION = YES;
				GCC_WARN_UNUSED_VARIABLE = YES;
				IPHONEOS_DEPLOYMENT_TARGET = 11.4;
				MTL_ENABLE_DEBUG_INFO = NO;
				SDKROOT = iphoneos;
				SWIFT_COMPILATION_MODE = wholemodule;
				SWIFT_OPTIMIZATION_LEVEL = "-O";
				VALIDATE_PRODUCT = YES;
			};
			name = Release;
		};
		E7D8C9F62175866500844020 /* Debug */ = {
			isa = XCBuildConfiguration;
			buildSettings = {
				ASSETCATALOG_COMPILER_APPICON_NAME = AppIcon;
				CODE_SIGN_STYLE = Automatic;
				INFOPLIST_FILE = "大创.2/Info.plist";
				LD_RUNPATH_SEARCH_PATHS = (
					"$(inherited)",
					"@executable_path/Frameworks",
				);
				PRODUCT_BUNDLE_IDENTIFIER = "cn.edu.sicnu.---2";
				PRODUCT_NAME = "$(TARGET_NAME)";
				SWIFT_VERSION = 4.0;
				TARGETED_DEVICE_FAMILY = "1,2";
			};
			name = Debug;
		};
		E7D8C9F72175866500844020 /* Release */ = {
			isa = XCBuildConfiguration;
			buildSettings = {
				ASSETCATALOG_COMPILER_APPICON_NAME = AppIcon;
				CODE_SIGN_STYLE = Automatic;
				INFOPLIST_FILE = "大创.2/Info.plist";
				LD_RUNPATH_SEARCH_PATHS = (
					"$(inherited)",
					"@executable_path/Frameworks",
				);
				PRODUCT_BUNDLE_IDENTIFIER = "cn.edu.sicnu.---2";
				PRODUCT_NAME = "$(TARGET_NAME)";
				SWIFT_VERSION = 4.0;
				TARGETED_DEVICE_FAMILY = "1,2";
			};
			name = Release;
		};
/* End XCBuildConfiguration section */

/* Begin XCConfigurationList section */
		E7D8C9DE2175866200844020 /* Build configuration list for PBXProject "大创.2" */ = {
			isa = XCConfigurationList;
			buildConfigurations = (
				E7D8C9F32175866500844020 /* Debug */,
				E7D8C9F42175866500844020 /* Release */,
			);
			defaultConfigurationIsVisible = 0;
			defaultConfigurationName = Release;
		};
		E7D8C9F52175866500844020 /* Build configuration list for PBXNativeTarget "大创.2" */ = {
			isa = XCConfigurationList;
			buildConfigurations = (
				E7D8C9F62175866500844020 /* Debug */,
				E7D8C9F72175866500844020 /* Release */,
			);
			defaultConfigurationIsVisible = 0;
			defaultConfigurationName = Release;
		};
/* End XCConfigurationList section */
	};
	rootObject = E7D8C9DB2175866200844020 /* Project object */;
}
